
Microsoft Visual Studio Solution File, Format Version 12.00
# Visual Studio 15
VisualStudioVersion = 15.0.28307.168
MinimumVisualStudioVersion = 10.0.40219.1
Project("{151D2E53-A2C4-4D7D-83FE-D05416EBD58E}") = "testjoao", "AzureResourceGroup1\testjoao.deployproj", "{7022C068-68F7-4D5C-B600-0C4D03601F4D}"
EndProject
Global
	GlobalSection(SolutionConfigurationPlatforms) = preSolution
		Debug|Any CPU = Debug|Any CPU
		Release|Any CPU = Release|Any CPU
	EndGlobalSection
	GlobalSection(ProjectConfigurationPlatforms) = postSolution
		{7022C068-68F7-4D5C-B600-0C4D03601F4D}.Debug|Any CPU.ActiveCfg = Debug|Any CPU
		{7022C068-68F7-4D5C-B600-0C4D03601F4D}.Debug|Any CPU.Build.0 = Debug|Any CPU
		{7022C068-68F7-4D5C-B600-0C4D03601F4D}.Release|Any CPU.ActiveCfg = Release|Any CPU
		{7022C068-68F7-4D5C-B600-0C4D03601F4D}.Release|Any CPU.Build.0 = Release|Any CPU
	EndGlobalSection
	GlobalSection(SolutionProperties) = preSolution
		HideSolutionNode = FALSE
	EndGlobalSection
	GlobalSection(ExtensibilityGlobals) = postSolution
		SolutionGuid = {A369AD1C-02F3-4FFE-B3D2-1CA74EF6C0C4}
	EndGlobalSection
EndGlobal
